// !$*UTF8*$!
{
	archiveVersion = 1;
	classes = {
	};
	objectVersion = 55;
	objects = {

/* Begin PBXBuildFile section */
		B68FA5D385F3581EA87F8AF7 /* Pods_DemoTask.framework in Frameworks */ = {isa = PBXBuildFile; fileRef = BE2CB3C88050ABDB28B9CC75 /* Pods_DemoTask.framework */; };
		E527472F286D66FA008E5D65 /* AppDelegate.swift in Sources */ = {isa = PBXBuildFile; fileRef = E527472E286D66FA008E5D65 /* AppDelegate.swift */; };
		E5274731286D66FA008E5D65 /* SceneDelegate.swift in Sources */ = {isa = PBXBuildFile; fileRef = E5274730286D66FA008E5D65 /* SceneDelegate.swift */; };
		E5274736286D66FA008E5D65 /* Main.storyboard in Resources */ = {isa = PBXBuildFile; fileRef = E5274734286D66FA008E5D65 /* Main.storyboard */; };
		E5274738286D6701008E5D65 /* Assets.xcassets in Resources */ = {isa = PBXBuildFile; fileRef = E5274737286D6701008E5D65 /* Assets.xcassets */; };
		E527473B286D6701008E5D65 /* LaunchScreen.storyboard in Resources */ = {isa = PBXBuildFile; fileRef = E5274739286D6701008E5D65 /* LaunchScreen.storyboard */; };
		E527474A286D7DC7008E5D65 /* FormViewController.swift in Sources */ = {isa = PBXBuildFile; fileRef = E5274749286D7DC7008E5D65 /* FormViewController.swift */; };
		E527474E286DAD6F008E5D65 /* EmployeeModel.swift in Sources */ = {isa = PBXBuildFile; fileRef = E527474D286DAD6F008E5D65 /* EmployeeModel.swift */; };
		E5274750286DAEC5008E5D65 /* DataStorage.swift in Sources */ = {isa = PBXBuildFile; fileRef = E527474F286DAEC4008E5D65 /* DataStorage.swift */; };
		E5274754286DCA77008E5D65 /* TableViewController.swift in Sources */ = {isa = PBXBuildFile; fileRef = E5274753286DCA77008E5D65 /* TableViewController.swift */; };
		E5274756286DE020008E5D65 /* EmployeeDetailViewController.swift in Sources */ = {isa = PBXBuildFile; fileRef = E5274755286DE020008E5D65 /* EmployeeDetailViewController.swift */; };
/* End PBXBuildFile section */

/* Begin PBXFileReference section */
		A1FBB7579F58931D2B7A671B /* Pods-DemoTask.release.xcconfig */ = {isa = PBXFileReference; includeInIndex = 1; lastKnownFileType = text.xcconfig; name = "Pods-DemoTask.release.xcconfig"; path = "Target Support Files/Pods-DemoTask/Pods-DemoTask.release.xcconfig"; sourceTree = "<group>"; };
		BE2CB3C88050ABDB28B9CC75 /* Pods_DemoTask.framework */ = {isa = PBXFileReference; explicitFileType = wrapper.framework; includeInIndex = 0; path = Pods_DemoTask.framework; sourceTree = BUILT_PRODUCTS_DIR; };
		E527472B286D66FA008E5D65 /* DemoTask.app */ = {isa = PBXFileReference; explicitFileType = wrapper.application; includeInIndex = 0; path = DemoTask.app; sourceTree = BUILT_PRODUCTS_DIR; };
		E527472E286D66FA008E5D65 /* AppDelegate.swift */ = {isa = PBXFileReference; lastKnownFileType = sourcecode.swift; path = AppDelegate.swift; sourceTree = "<group>"; };
		E5274730286D66FA008E5D65 /* SceneDelegate.swift */ = {isa = PBXFileReference; lastKnownFileType = sourcecode.swift; path = SceneDelegate.swift; sourceTree = "<group>"; };
		E5274735286D66FA008E5D65 /* Base */ = {isa = PBXFileReference; lastKnownFileType = file.storyboard; name = Base; path = Base.lproj/Main.storyboard; sourceTree = "<group>"; };
		E5274737286D6701008E5D65 /* Assets.xcassets */ = {isa = PBXFileReference; lastKnownFileType = folder.assetcatalog; path = Assets.xcassets; sourceTree = "<group>"; };
		E527473A286D6701008E5D65 /* Base */ = {isa = PBXFileReference; lastKnownFileType = file.storyboard; name = Base; path = Base.lproj/LaunchScreen.storyboard; sourceTree = "<group>"; };
		E527473C286D6701008E5D65 /* Info.plist */ = {isa = PBXFileReference; lastKnownFileType = text.plist.xml; path = Info.plist; sourceTree = "<group>"; };
		E5274749286D7DC7008E5D65 /* FormViewController.swift */ = {isa = PBXFileReference; lastKnownFileType = sourcecode.swift; path = FormViewController.swift; sourceTree = "<group>"; };
		E527474D286DAD6F008E5D65 /* EmployeeModel.swift */ = {isa = PBXFileReference; lastKnownFileType = sourcecode.swift; path = EmployeeModel.swift; sourceTree = "<group>"; };
		E527474F286DAEC4008E5D65 /* DataStorage.swift */ = {isa = PBXFileReference; lastKnownFileType = sourcecode.swift; path = DataStorage.swift; sourceTree = "<group>"; };
		E5274753286DCA77008E5D65 /* TableViewController.swift */ = {isa = PBXFileReference; lastKnownFileType = sourcecode.swift; path = TableViewController.swift; sourceTree = "<group>"; };
		E5274755286DE020008E5D65 /* EmployeeDetailViewController.swift */ = {isa = PBXFileReference; lastKnownFileType = sourcecode.swift; path = EmployeeDetailViewController.swift; sourceTree = "<group>"; };
		FE2DA3E55F523AD848218D07 /* Pods-DemoTask.debug.xcconfig */ = {isa = PBXFileReference; includeInIndex = 1; lastKnownFileType = text.xcconfig; name = "Pods-DemoTask.debug.xcconfig"; path = "Target Support Files/Pods-DemoTask/Pods-DemoTask.debug.xcconfig"; sourceTree = "<group>"; };
/* End PBXFileReference section */

/* Begin PBXFrameworksBuildPhase section */
		E5274728286D66FA008E5D65 /* Frameworks */ = {
			isa = PBXFrameworksBuildPhase;
			buildActionMask = 2147483647;
			files = (
				B68FA5D385F3581EA87F8AF7 /* Pods_DemoTask.framework in Frameworks */,
			);
			runOnlyForDeploymentPostprocessing = 0;
		};
/* End PBXFrameworksBuildPhase section */

/* Begin PBXGroup section */
		94C59EFADB7C904790AE597C /* Frameworks */ = {
			isa = PBXGroup;
			children = (
				BE2CB3C88050ABDB28B9CC75 /* Pods_DemoTask.framework */,
			);
			name = Frameworks;
			sourceTree = "<group>";
		};
		A1BB5CAF6CF6DC4689AF075C /* Pods */ = {
			isa = PBXGroup;
			children = (
				FE2DA3E55F523AD848218D07 /* Pods-DemoTask.debug.xcconfig */,
				A1FBB7579F58931D2B7A671B /* Pods-DemoTask.release.xcconfig */,
			);
			path = Pods;
			sourceTree = "<group>";
		};
		E5274722286D66FA008E5D65 = {
			isa = PBXGroup;
			children = (
				E527472D286D66FA008E5D65 /* DemoTask */,
				E527472C286D66FA008E5D65 /* Products */,
				A1BB5CAF6CF6DC4689AF075C /* Pods */,
				94C59EFADB7C904790AE597C /* Frameworks */,
			);
			sourceTree = "<group>";
		};
		E527472C286D66FA008E5D65 /* Products */ = {
			isa = PBXGroup;
			children = (
				E527472B286D66FA008E5D65 /* DemoTask.app */,
			);
			name = Products;
			sourceTree = "<group>";
		};
		E527472D286D66FA008E5D65 /* DemoTask */ = {
			isa = PBXGroup;
			children = (
				E5274744286D6D74008E5D65 /* Model */,
				E5274745286D6D7D008E5D65 /* View */,
				E5274746286D6D83008E5D65 /* Controller */,
				E5274737286D6701008E5D65 /* Assets.xcassets */,
				E527473C286D6701008E5D65 /* Info.plist */,
			);
			path = DemoTask;
			sourceTree = "<group>";
		};
		E5274744286D6D74008E5D65 /* Model */ = {
			isa = PBXGroup;
			children = (
				E527474D286DAD6F008E5D65 /* EmployeeModel.swift */,
			);
			path = Model;
			sourceTree = "<group>";
		};
		E5274745286D6D7D008E5D65 /* View */ = {
			isa = PBXGroup;
			children = (
				E5274734286D66FA008E5D65 /* Main.storyboard */,
				E5274739286D6701008E5D65 /* LaunchScreen.storyboard */,
			);
			path = View;
			sourceTree = "<group>";
		};
		E5274746286D6D83008E5D65 /* Controller */ = {
			isa = PBXGroup;
			children = (
				E5274730286D66FA008E5D65 /* SceneDelegate.swift */,
				E527472E286D66FA008E5D65 /* AppDelegate.swift */,
				E5274749286D7DC7008E5D65 /* FormViewController.swift */,
				E527474F286DAEC4008E5D65 /* DataStorage.swift */,
				E5274753286DCA77008E5D65 /* TableViewController.swift */,
				E5274755286DE020008E5D65 /* EmployeeDetailViewController.swift */,
			);
			path = Controller;
			sourceTree = "<group>";
		};
/* End PBXGroup section */

/* Begin PBXNativeTarget section */
		E527472A286D66FA008E5D65 /* DemoTask */ = {
			isa = PBXNativeTarget;
			buildConfigurationList = E527473F286D6701008E5D65 /* Build configuration list for PBXNativeTarget "DemoTask" */;
			buildPhases = (
				F5012360E937882CADB5344E /* [CP] Check Pods Manifest.lock */,
				E5274727286D66FA008E5D65 /* Sources */,
				E5274728286D66FA008E5D65 /* Frameworks */,
				E5274729286D66FA008E5D65 /* Resources */,
				6778D46571004F512675013E /* [CP] Embed Pods Frameworks */,
			);
			buildRules = (
			);
			dependencies = (
			);
			name = DemoTask;
			productName = DemoTask;
			productReference = E527472B286D66FA008E5D65 /* DemoTask.app */;
			productType = "com.apple.product-type.application";
		};
/* End PBXNativeTarget section */

/* Begin PBXProject section */
		E5274723286D66FA008E5D65 /* Project object */ = {
			isa = PBXProject;
			attributes = {
				BuildIndependentTargetsInParallel = 1;
				LastSwiftUpdateCheck = 1300;
				LastUpgradeCheck = 1300;
				TargetAttributes = {
					E527472A286D66FA008E5D65 = {
						CreatedOnToolsVersion = 13.0;
					};
				};
			};
			buildConfigurationList = E5274726286D66FA008E5D65 /* Build configuration list for PBXProject "DemoTask" */;
			compatibilityVersion = "Xcode 13.0";
			developmentRegion = en;
			hasScannedForEncodings = 0;
			knownRegions = (
				en,
				Base,
			);
			mainGroup = E5274722286D66FA008E5D65;
			productRefGroup = E527472C286D66FA008E5D65 /* Products */;
			projectDirPath = "";
			projectRoot = "";
			targets = (
				E527472A286D66FA008E5D65 /* DemoTask */,
			);
		};
/* End PBXProject section */

/* Begin PBXResourcesBuildPhase section */
		E5274729286D66FA008E5D65 /* Resources */ = {
			isa = PBXResourcesBuildPhase;
			buildActionMask = 2147483647;
			files = (
				E527473B286D6701008E5D65 /* LaunchScreen.storyboard in Resources */,
				E5274738286D6701008E5D65 /* Assets.xcassets in Resources */,
				E5274736286D66FA008E5D65 /* Main.storyboard in Resources */,
			);
			runOnlyForDeploymentPostprocessing = 0;
		};
/* End PBXResourcesBuildPhase section */

/* Begin PBXShellScriptBuildPhase section */
		6778D46571004F512675013E /* [CP] Embed Pods Frameworks */ = {
			isa = PBXShellScriptBuildPhase;
			buildActionMask = 2147483647;
			files = (
			);
			inputFileListPaths = (
				"${PODS_ROOT}/Target Support Files/Pods-DemoTask/Pods-DemoTask-frameworks-${CONFIGURATION}-input-files.xcfilelist",
			);
			name = "[CP] Embed Pods Frameworks";
			outputFileListPaths = (
				"${PODS_ROOT}/Target Support Files/Pods-DemoTask/Pods-DemoTask-frameworks-${CONFIGURATION}-output-files.xcfilelist",
			);
			runOnlyForDeploymentPostprocessing = 0;
			shellPath = /bin/sh;
			shellScript = "\"${PODS_ROOT}/Target Support Files/Pods-DemoTask/Pods-DemoTask-frameworks.sh\"\n";
			showEnvVarsInLog = 0;
		};
		F5012360E937882CADB5344E /* [CP] Check Pods Manifest.lock */ = {
			isa = PBXShellScriptBuildPhase;
			buildActionMask = 2147483647;
			files = (
			);
			inputFileListPaths = (
			);
			inputPaths = (
				"${PODS_PODFILE_DIR_PATH}/Podfile.lock",
				"${PODS_ROOT}/Manifest.lock",
			);
			name = "[CP] Check Pods Manifest.lock";
			outputFileListPaths = (
			);
			outputPaths = (
				"$(DERIVED_FILE_DIR)/Pods-DemoTask-checkManifestLockResult.txt",
			);
			runOnlyForDeploymentPostprocessing = 0;
			shellPath = /bin/sh;
			shellScript = "diff \"${PODS_PODFILE_DIR_PATH}/Podfile.lock\" \"${PODS_ROOT}/Manifest.lock\" > /dev/null\nif [ $? != 0 ] ; then\n    # print error to STDERR\n    echo \"error: The sandbox is not in sync with the Podfile.lock. Run 'pod install' or update your CocoaPods installation.\" >&2\n    exit 1\nfi\n# This output is used by Xcode 'outputs' to avoid re-running this script phase.\necho \"SUCCESS\" > \"${SCRIPT_OUTPUT_FILE_0}\"\n";
			showEnvVarsInLog = 0;
		};
/* End PBXShellScriptBuildPhase section */

/* Begin PBXSourcesBuildPhase section */
		E5274727286D66FA008E5D65 /* Sources */ = {
			isa = PBXSourcesBuildPhase;
			buildActionMask = 2147483647;
			files = (
				E527474A286D7DC7008E5D65 /* FormViewController.swift in Sources */,
				E5274754286DCA77008E5D65 /* TableViewController.swift in Sources */,
				E527472F286D66FA008E5D65 /* AppDelegate.swift in Sources */,
				E5274750286DAEC5008E5D65 /* DataStorage.swift in Sources */,
				E5274731286D66FA008E5D65 /* SceneDelegate.swift in Sources */,
				E5274756286DE020008E5D65 /* EmployeeDetailViewController.swift in Sources */,
				E527474E286DAD6F008E5D65 /* EmployeeModel.swift in Sources */,
			);
			runOnlyForDeploymentPostprocessing = 0;
		};
/* End PBXSourcesBuildPhase section */

/* Begin PBXVariantGroup section */
		E5274734286D66FA008E5D65 /* Main.storyboard */ = {
			isa = PBXVariantGroup;
			children = (
				E5274735286D66FA008E5D65 /* Base */,
			);
			name = Main.storyboard;
			sourceTree = "<group>";
		};
		E5274739286D6701008E5D65 /* LaunchScreen.storyboard */ = {
			isa = PBXVariantGroup;
			children = (
				E527473A286D6701008E5D65 /* Base */,
			);
			name = LaunchScreen.storyboard;
			sourceTree = "<group>";
		};
/* End PBXVariantGroup section */

/* Begin XCBuildConfiguration section */
		E527473D286D6701008E5D65 /* Debug */ = {
			isa = XCBuildConfiguration;
			buildSettings = {
				ALWAYS_SEARCH_USER_PATHS = NO;
				CLANG_ANALYZER_NONNULL = YES;
				CLANG_ANALYZER_NUMBER_OBJECT_CONVERSION = YES_AGGRESSIVE;
				CLANG_CXX_LANGUAGE_STANDARD = "gnu++17";
				CLANG_CXX_LIBRARY = "libc++";
				CLANG_ENABLE_MODULES = YES;
				CLANG_ENABLE_OBJC_ARC = YES;
				CLANG_ENABLE_OBJC_WEAK = YES;
				CLANG_WARN_BLOCK_CAPTURE_AUTORELEASING = YES;
				CLANG_WARN_BOOL_CONVERSION = YES;
				CLANG_WARN_COMMA = YES;
				CLANG_WARN_CONSTANT_CONVERSION = YES;
				CLANG_WARN_DEPRECATED_OBJC_IMPLEMENTATIONS = YES;
				CLANG_WARN_DIRECT_OBJC_ISA_USAGE = YES_ERROR;
				CLANG_WARN_DOCUMENTATION_COMMENTS = YES;
				CLANG_WARN_EMPTY_BODY = YES;
				CLANG_WARN_ENUM_CONVERSION = YES;
				CLANG_WARN_INFINITE_RECURSION = YES;
				CLANG_WARN_INT_CONVERSION = YES;
				CLANG_WARN_NON_LITERAL_NULL_CONVERSION = YES;
				CLANG_WARN_OBJC_IMPLICIT_RETAIN_SELF = YES;
				CLANG_WARN_OBJC_LITERAL_CONVERSION = YES;
				CLANG_WARN_OBJC_ROOT_CLASS = YES_ERROR;
				CLANG_WARN_QUOTED_INCLUDE_IN_FRAMEWORK_HEADER = YES;
				CLANG_WARN_RANGE_LOOP_ANALYSIS = YES;
				CLANG_WARN_STRICT_PROTOTYPES = YES;
				CLANG_WARN_SUSPICIOUS_MOVE = YES;
				CLANG_WARN_UNGUARDED_AVAILABILITY = YES_AGGRESSIVE;
				CLANG_WARN_UNREACHABLE_CODE = YES;
				CLANG_WARN__DUPLICATE_METHOD_MATCH = YES;
				COPY_PHASE_STRIP = NO;
				DEBUG_INFORMATION_FORMAT = dwarf;
				ENABLE_STRICT_OBJC_MSGSEND = YES;
				ENABLE_TESTABILITY = YES;
				GCC_C_LANGUAGE_STANDARD = gnu11;
				GCC_DYNAMIC_NO_PIC = NO;
				GCC_NO_COMMON_BLOCKS = YES;
				GCC_OPTIMIZATION_LEVEL = 0;
				GCC_PREPROCESSOR_DEFINITIONS = (
					"DEBUG=1",
					"$(inherited)",
				);
				GCC_WARN_64_TO_32_BIT_CONVERSION = YES;
				GCC_WARN_ABOUT_RETURN_TYPE = YES_ERROR;
				GCC_WARN_UNDECLARED_SELECTOR = YES;
				GCC_WARN_UNINITIALIZED_AUTOS = YES_AGGRESSIVE;
				GCC_WARN_UNUSED_FUNCTION = YES;
				GCC_WARN_UNUSED_VARIABLE = YES;
				IPHONEOS_DEPLOYMENT_TARGET = 15.0;
				MTL_ENABLE_DEBUG_INFO = INCLUDE_SOURCE;
				MTL_FAST_MATH = YES;
				ONLY_ACTIVE_ARCH = YES;
				SDKROOT = iphoneos;
				SWIFT_ACTIVE_COMPILATION_CONDITIONS = DEBUG;
				SWIFT_OPTIMIZATION_LEVEL = "-Onone";
			};
			name = Debug;
		};
		E527473E286D6701008E5D65 /* Release */ = {
			isa = XCBuildConfiguration;
			buildSettings = {
				ALWAYS_SEARCH_USER_PATHS = NO;
				CLANG_ANALYZER_NONNULL = YES;
				CLANG_ANALYZER_NUMBER_OBJECT_CONVERSION = YES_AGGRESSIVE;
				CLANG_CXX_LANGUAGE_STANDARD = "gnu++17";
				CLANG_CXX_LIBRARY = "libc++";
				CLANG_ENABLE_MODULES = YES;
				CLANG_ENABLE_OBJC_ARC = YES;
				CLANG_ENABLE_OBJC_WEAK = YES;
				CLANG_WARN_BLOCK_CAPTURE_AUTORELEASING = YES;
				CLANG_WARN_BOOL_CONVERSION = YES;
				CLANG_WARN_COMMA = YES;
				CLANG_WARN_CONSTANT_CONVERSION = YES;
				CLANG_WARN_DEPRECATED_OBJC_IMPLEMENTATIONS = YES;
				CLANG_WARN_DIRECT_OBJC_ISA_USAGE = YES_ERROR;
				CLANG_WARN_DOCUMENTATION_COMMENTS = YES;
				CLANG_WARN_EMPTY_BODY = YES;
				CLANG_WARN_ENUM_CONVERSION = YES;
				CLANG_WARN_INFINITE_RECURSION = YES;
				CLANG_WARN_INT_CONVERSION = YES;
				CLANG_WARN_NON_LITERAL_NULL_CONVERSION = YES;
				CLANG_WARN_OBJC_IMPLICIT_RETAIN_SELF = YES;
				CLANG_WARN_OBJC_LITERAL_CONVERSION = YES;
				CLANG_WARN_OBJC_ROOT_CLASS = YES_ERROR;
				CLANG_WARN_QUOTED_INCLUDE_IN_FRAMEWORK_HEADER = YES;
				CLANG_WARN_RANGE_LOOP_ANALYSIS = YES;
				CLANG_WARN_STRICT_PROTOTYPES = YES;
				CLANG_WARN_SUSPICIOUS_MOVE = YES;
				CLANG_WARN_UNGUARDED_AVAILABILITY = YES_AGGRESSIVE;
				CLANG_WARN_UNREACHABLE_CODE = YES;
				CLANG_WARN__DUPLICATE_METHOD_MATCH = YES;
				COPY_PHASE_STRIP = NO;
				DEBUG_INFORMATION_FORMAT = "dwarf-with-dsym";
				ENABLE_NS_ASSERTIONS = NO;
				ENABLE_STRICT_OBJC_MSGSEND = YES;
				GCC_C_LANGUAGE_STANDARD = gnu11;
				GCC_NO_COMMON_BLOCKS = YES;
				GCC_WARN_64_TO_32_BIT_CONVERSION = YES;
				GCC_WARN_ABOUT_RETURN_TYPE = YES_ERROR;
				GCC_WARN_UNDECLARED_SELECTOR = YES;
				GCC_WARN_UNINITIALIZED_AUTOS = YES_AGGRESSIVE;
				GCC_WARN_UNUSED_FUNCTION = YES;
				GCC_WARN_UNUSED_VARIABLE = YES;
				IPHONEOS_DEPLOYMENT_TARGET = 15.0;
				MTL_ENABLE_DEBUG_INFO = NO;
				MTL_FAST_MATH = YES;
				SDKROOT = iphoneos;
				SWIFT_COMPILATION_MODE = wholemodule;
				SWIFT_OPTIMIZATION_LEVEL = "-O";
				VALIDATE_PRODUCT = YES;
			};
			name = Release;
		};
		E5274740286D6701008E5D65 /* Debug */ = {
			isa = XCBuildConfiguration;
			baseConfigurationReference = FE2DA3E55F523AD848218D07 /* Pods-DemoTask.debug.xcconfig */;
			buildSettings = {
				ASSETCATALOG_COMPILER_APPICON_NAME = AppIcon;
				ASSETCATALOG_COMPILER_GLOBAL_ACCENT_COLOR_NAME = AccentColor;
				CODE_SIGN_STYLE = Automatic;
				CURRENT_PROJECT_VERSION = 1;
				GENERATE_INFOPLIST_FILE = YES;
				INFOPLIST_FILE = DemoTask/Info.plist;
				INFOPLIST_KEY_UIApplicationSupportsIndirectInputEvents = YES;
				INFOPLIST_KEY_UILaunchStoryboardName = LaunchScreen;
				INFOPLIST_KEY_UIMainStoryboardFile = Main;
				INFOPLIST_KEY_UISupportedInterfaceOrientations_iPad = "UIInterfaceOrientationPortrait UIInterfaceOrientationPortraitUpsideDown UIInterfaceOrientationLandscapeLeft UIInterfaceOrientationLandscapeRight";
				INFOPLIST_KEY_UISupportedInterfaceOrientations_iPhone = "UIInterfaceOrientationPortrait UIInterfaceOrientationLandscapeLeft UIInterfaceOrientationLandscapeRight";
				LD_RUNPATH_SEARCH_PATHS = (
					"$(inherited)",
					"@executable_path/Frameworks",
				);
				MARKETING_VERSION = 1.0;
				PRODUCT_BUNDLE_IDENTIFIER = com.DemoTask.MyDemo.DemoTask;
				PRODUCT_NAME = "$(TARGET_NAME)";
				SWIFT_EMIT_LOC_STRINGS = YES;
				SWIFT_VERSION = 5.0;
				TARGETED_DEVICE_FAMILY = "1,2";
			};
			name = Debug;
		};
		E5274741286D6701008E5D65 /* Release */ = {
			isa = XCBuildConfiguration;
			baseConfigurationReference = A1FBB7579F58931D2B7A671B /* Pods-DemoTask.release.xcconfig */;
			buildSettings = {
				ASSETCATALOG_COMPILER_APPICON_NAME = AppIcon;
				ASSETCATALOG_COMPILER_GLOBAL_ACCENT_COLOR_NAME = AccentColor;
				CODE_SIGN_STYLE = Automatic;
				CURRENT_PROJECT_VERSION = 1;
				GENERATE_INFOPLIST_FILE = YES;
				INFOPLIST_FILE = DemoTask/Info.plist;
				INFOPLIST_KEY_UIApplicationSupportsIndirectInputEvents = YES;
				INFOPLIST_KEY_UILaunchStoryboardName = LaunchScreen;
				INFOPLIST_KEY_UIMainStoryboardFile = Main;
				INFOPLIST_KEY_UISupportedInterfaceOrientations_iPad = "UIInterfaceOrientationPortrait UIInterfaceOrientationPortraitUpsideDown UIInterfaceOrientationLandscapeLeft UIInterfaceOrientationLandscapeRight";
				INFOPLIST_KEY_UISupportedInterfaceOrientations_iPhone = "UIInterfaceOrientationPortrait UIInterfaceOrientationLandscapeLeft UIInterfaceOrientationLandscapeRight";
				LD_RUNPATH_SEARCH_PATHS = (
					"$(inherited)",
					"@executable_path/Frameworks",
				);
				MARKETING_VERSION = 1.0;
				PRODUCT_BUNDLE_IDENTIFIER = com.DemoTask.MyDemo.DemoTask;
				PRODUCT_NAME = "$(TARGET_NAME)";
				SWIFT_EMIT_LOC_STRINGS = YES;
				SWIFT_VERSION = 5.0;
				TARGETED_DEVICE_FAMILY = "1,2";
			};
			name = Release;
		};
/* End XCBuildConfiguration section */

/* Begin XCConfigurationList section */
		E5274726286D66FA008E5D65 /* Build configuration list for PBXProject "DemoTask" */ = {
			isa = XCConfigurationList;
			buildConfigurations = (
				E527473D286D6701008E5D65 /* Debug */,
				E527473E286D6701008E5D65 /* Release */,
			);
			defaultConfigurationIsVisible = 0;
			defaultConfigurationName = Release;
		};
		E527473F286D6701008E5D65 /* Build configuration list for PBXNativeTarget "DemoTask" */ = {
			isa = XCConfigurationList;
			buildConfigurations = (
				E5274740286D6701008E5D65 /* Debug */,
				E5274741286D6701008E5D65 /* Release */,
			);
			defaultConfigurationIsVisible = 0;
			defaultConfigurationName = Release;
		};
/* End XCConfigurationList section */
	};
	rootObject = E5274723286D66FA008E5D65 /* Project object */;
}
